{
  "version": "5",
  "specifiers": {
    "npm:hono@4.13.1": "4.13.1",
    "npm:zod@4.4.3": "4.4.3"
  },
  "npm": {
    "hono@4.13.1": {
      "integrity": "sha512-kdJoFVv2xmayw6cY09H7AbMJMt8Jn5jdlEdXsP7AGBdF2DIptVlKlOLKXP41yPip4/a3yQPv9gVcJYI8YY04dw=="
    },
    "zod@4.4.3": {
      "integrity": "sha512-ytENFjIJFl2UwYglde2jchW2Hwm4GJFLDiSXWdTrJQBIN9Fcyp7n4DhxJEiWNAJMV1/BqWfW/kkg71UDcHJyTQ=="
    }
  },
  "workspace": {
    "dependencies": [
      "npm:hono@4.13.1",
      "npm:zod@4.4.3"
    ]
  }
}
